// !$*UTF8*$!
{
	archiveVersion = 1;
	classes = {
	};
	objectVersion = 46;
	objects = {

/* Begin PBXBuildFile section */
		7DD09C0E1DA1566F004A9AE0 /* AppDelegate.swift in Sources */ = {isa = PBXBuildFile; fileRef = 7DD09C0D1DA1566F004A9AE0 /* AppDelegate.swift */; };
		7DD09C101DA1566F004A9AE0 /* VacationDetailsViewController.swift in Sources */ = {isa = PBXBuildFile; fileRef = 7DD09C0F1DA1566F004A9AE0 /* VacationDetailsViewController.swift */; };
		7DD09C131DA1566F004A9AE0 /* Main.storyboard in Resources */ = {isa = PBXBuildFile; fileRef = 7DD09C111DA1566F004A9AE0 /* Main.storyboard */; };
		7DD09C151DA1566F004A9AE0 /* Assets.xcassets in Resources */ = {isa = PBXBuildFile; fileRef = 7DD09C141DA1566F004A9AE0 /* Assets.xcassets */; };
		7DD09C181DA1566F004A9AE0 /* LaunchScreen.storyboard in Resources */ = {isa = PBXBuildFile; fileRef = 7DD09C161DA1566F004A9AE0 /* LaunchScreen.storyboard */; };
		7DD09C201DA1BC9A004A9AE0 /* AddIdeaViewController.swift in Sources */ = {isa = PBXBuildFile; fileRef = 7DD09C1F1DA1BC9A004A9AE0 /* AddIdeaViewController.swift */; };
		7DD09C221DA1D811004A9AE0 /* VacationIdeas.swift in Sources */ = {isa = PBXBuildFile; fileRef = 7DD09C211DA1D811004A9AE0 /* VacationIdeas.swift */; };
/* End PBXBuildFile section */

/* Begin PBXFileReference section */
		7DD09C0A1DA1566F004A9AE0 /* lab 4 - vacation.app */ = {isa = PBXFileReference; explicitFileType = wrapper.application; includeInIndex = 0; path = "lab 4 - vacation.app"; sourceTree = BUILT_PRODUCTS_DIR; };
		7DD09C0D1DA1566F004A9AE0 /* AppDelegate.swift */ = {isa = PBXFileReference; lastKnownFileType = sourcecode.swift; path = AppDelegate.swift; sourceTree = "<group>"; };
		7DD09C0F1DA1566F004A9AE0 /* VacationDetailsViewController.swift */ = {isa = PBXFileReference; lastKnownFileType = sourcecode.swift; path = VacationDetailsViewController.swift; sourceTree = "<group>"; };
		7DD09C121DA1566F004A9AE0 /* Base */ = {isa = PBXFileReference; lastKnownFileType = file.storyboard; name = Base; path = Base.lproj/Main.storyboard; sourceTree = "<group>"; };
		7DD09C141DA1566F004A9AE0 /* Assets.xcassets */ = {isa = PBXFileReference; lastKnownFileType = folder.assetcatalog; path = Assets.xcassets; sourceTree = "<group>"; };
		7DD09C171DA1566F004A9AE0 /* Base */ = {isa = PBXFileReference; lastKnownFileType = file.storyboard; name = Base; path = Base.lproj/LaunchScreen.storyboard; sourceTree = "<group>"; };
		7DD09C191DA1566F004A9AE0 /* Info.plist */ = {isa = PBXFileReference; lastKnownFileType = text.plist.xml; path = Info.plist; sourceTree = "<group>"; };
		7DD09C1F1DA1BC9A004A9AE0 /* AddIdeaViewController.swift */ = {isa = PBXFileReference; fileEncoding = 4; lastKnownFileType = sourcecode.swift; path = AddIdeaViewController.swift; sourceTree = "<group>"; };
		7DD09C211DA1D811004A9AE0 /* VacationIdeas.swift */ = {isa = PBXFileReference; fileEncoding = 4; lastKnownFileType = sourcecode.swift; path = VacationIdeas.swift; sourceTree = "<group>"; };
/* End PBXFileReference section */

/* Begin PBXFrameworksBuildPhase section */
		7DD09C071DA1566F004A9AE0 /* Frameworks */ = {
			isa = PBXFrameworksBuildPhase;
			buildActionMask = 2147483647;
			files = (
			);
			runOnlyForDeploymentPostprocessing = 0;
		};
/* End PBXFrameworksBuildPhase section */

/* Begin PBXGroup section */
		7DD09C011DA1566F004A9AE0 = {
			isa = PBXGroup;
			children = (
				7DD09C0C1DA1566F004A9AE0 /* lab 4 - vacation */,
				7DD09C0B1DA1566F004A9AE0 /* Products */,
			);
			sourceTree = "<group>";
		};
		7DD09C0B1DA1566F004A9AE0 /* Products */ = {
			isa = PBXGroup;
			children = (
				7DD09C0A1DA1566F004A9AE0 /* lab 4 - vacation.app */,
			);
			name = Products;
			sourceTree = "<group>";
		};
		7DD09C0C1DA1566F004A9AE0 /* lab 4 - vacation */ = {
			isa = PBXGroup;
			children = (
				7DD09C0D1DA1566F004A9AE0 /* AppDelegate.swift */,
				7DD09C0F1DA1566F004A9AE0 /* VacationDetailsViewController.swift */,
				7DD09C111DA1566F004A9AE0 /* Main.storyboard */,
				7DD09C211DA1D811004A9AE0 /* VacationIdeas.swift */,
				7DD09C1F1DA1BC9A004A9AE0 /* AddIdeaViewController.swift */,
				7DD09C141DA1566F004A9AE0 /* Assets.xcassets */,
				7DD09C161DA1566F004A9AE0 /* LaunchScreen.storyboard */,
				7DD09C191DA1566F004A9AE0 /* Info.plist */,
			);
			path = "lab 4 - vacation";
			sourceTree = "<group>";
		};
/* End PBXGroup section */

/* Begin PBXNativeTarget section */
		7DD09C091DA1566F004A9AE0 /* lab 4 - vacation */ = {
			isa = PBXNativeTarget;
			buildConfigurationList = 7DD09C1C1DA1566F004A9AE0 /* Build configuration list for PBXNativeTarget "lab 4 - vacation" */;
			buildPhases = (
				7DD09C061DA1566F004A9AE0 /* Sources */,
				7DD09C071DA1566F004A9AE0 /* Frameworks */,
				7DD09C081DA1566F004A9AE0 /* Resources */,
			);
			buildRules = (
			);
			dependencies = (
			);
			name = "lab 4 - vacation";
			productName = "lab 4 - vacation";
			productReference = 7DD09C0A1DA1566F004A9AE0 /* lab 4 - vacation.app */;
			productType = "com.apple.product-type.application";
		};
/* End PBXNativeTarget section */

/* Begin PBXProject section */
		7DD09C021DA1566F004A9AE0 /* Project object */ = {
			isa = PBXProject;
			attributes = {
				LastSwiftUpdateCheck = 0730;
				LastUpgradeCheck = 0730;
				ORGANIZATIONNAME = "Angel Lam";
				TargetAttributes = {
					7DD09C091DA1566F004A9AE0 = {
						CreatedOnToolsVersion = 7.3.1;
					};
				};
			};
			buildConfigurationList = 7DD09C051DA1566F004A9AE0 /* Build configuration list for PBXProject "lab 4 - vacation" */;
			compatibilityVersion = "Xcode 3.2";
			developmentRegion = English;
			hasScannedForEncodings = 0;
			knownRegions = (
				en,
				Base,
			);
			mainGroup = 7DD09C011DA1566F004A9AE0;
			productRefGroup = 7DD09C0B1DA1566F004A9AE0 /* Products */;
			projectDirPath = "";
			projectRoot = "";
			targets = (
				7DD09C091DA1566F004A9AE0 /* lab 4 - vacation */,
			);
		};
/* End PBXProject section */

/* Begin PBXResourcesBuildPhase section */
		7DD09C081DA1566F004A9AE0 /* Resources */ = {
			isa = PBXResourcesBuildPhase;
			buildActionMask = 2147483647;
			files = (
				7DD09C181DA1566F004A9AE0 /* LaunchScreen.storyboard in Resources */,
				7DD09C151DA1566F004A9AE0 /* Assets.xcassets in Resources */,
				7DD09C131DA1566F004A9AE0 /* Main.storyboard in Resources */,
			);
			runOnlyForDeploymentPostprocessing = 0;
		};
/* End PBXResourcesBuildPhase section */

/* Begin PBXSourcesBuildPhase section */
		7DD09C061DA1566F004A9AE0 /* Sources */ = {
			isa = PBXSourcesBuildPhase;
			buildActionMask = 2147483647;
			files = (
				7DD09C101DA1566F004A9AE0 /* VacationDetailsViewController.swift in Sources */,
				7DD09C221DA1D811004A9AE0 /* VacationIdeas.swift in Sources */,
				7DD09C0E1DA1566F004A9AE0 /* AppDelegate.swift in Sources */,
				7DD09C201DA1BC9A004A9AE0 /* AddIdeaViewController.swift in Sources */,
			);
			runOnlyForDeploymentPostprocessing = 0;
		};
/* End PBXSourcesBuildPhase section */

/* Begin PBXVariantGroup section */
		7DD09C111DA1566F004A9AE0 /* Main.storyboard */ = {
			isa = PBXVariantGroup;
			children = (
				7DD09C121DA1566F004A9AE0 /* Base */,
			);
			name = Main.storyboard;
			sourceTree = "<group>";
		};
		7DD09C161DA1566F004A9AE0 /* LaunchScreen.storyboard */ = {
			isa = PBXVariantGroup;
			children = (
				7DD09C171DA1566F004A9AE0 /* Base */,
			);
			name = LaunchScreen.storyboard;
			sourceTree = "<group>";
		};
/* End PBXVariantGroup section */

/* Begin XCBuildConfiguration section */
		7DD09C1A1DA1566F004A9AE0 /* Debug */ = {
			isa = XCBuildConfiguration;
			buildSettings = {
				ALWAYS_SEARCH_USER_PATHS = NO;
				CLANG_ANALYZER_NONNULL = YES;
				CLANG_CXX_LANGUAGE_STANDARD = "gnu++0x";
				CLANG_CXX_LIBRARY = "libc++";
				CLANG_ENABLE_MODULES = YES;
				CLANG_ENABLE_OBJC_ARC = YES;
				CLANG_WARN_BOOL_CONVERSION = YES;
				CLANG_WARN_CONSTANT_CONVERSION = YES;
				CLANG_WARN_DIRECT_OBJC_ISA_USAGE = YES_ERROR;
				CLANG_WARN_EMPTY_BODY = YES;
				CLANG_WARN_ENUM_CONVERSION = YES;
				CLANG_WARN_INT_CONVERSION = YES;
				CLANG_WARN_OBJC_ROOT_CLASS = YES_ERROR;
				CLANG_WARN_UNREACHABLE_CODE = YES;
				CLANG_WARN__DUPLICATE_METHOD_MATCH = YES;
				"CODE_SIGN_IDENTITY[sdk=iphoneos*]" = "iPhone Developer";
				COPY_PHASE_STRIP = NO;
				DEBUG_INFORMATION_FORMAT = dwarf;
				ENABLE_STRICT_OBJC_MSGSEND = YES;
				ENABLE_TESTABILITY = YES;
				GCC_C_LANGUAGE_STANDARD = gnu99;
				GCC_DYNAMIC_NO_PIC = NO;
				GCC_NO_COMMON_BLOCKS = YES;
				GCC_OPTIMIZATION_LEVEL = 0;
				GCC_PREPROCESSOR_DEFINITIONS = (
					"DEBUG=1",
					"$(inherited)",
				);
				GCC_WARN_64_TO_32_BIT_CONVERSION = YES;
				GCC_WARN_ABOUT_RETURN_TYPE = YES_ERROR;
				GCC_WARN_UNDECLARED_SELECTOR = YES;
				GCC_WARN_UNINITIALIZED_AUTOS = YES_AGGRESSIVE;
				GCC_WARN_UNUSED_FUNCTION = YES;
				GCC_WARN_UNUSED_VARIABLE = YES;
				IPHONEOS_DEPLOYMENT_TARGET = 9.3;
				MTL_ENABLE_DEBUG_INFO = YES;
				ONLY_ACTIVE_ARCH = YES;
				SDKROOT = iphoneos;
				SWIFT_OPTIMIZATION_LEVEL = "-Onone";
			};
			name = Debug;
		};
		7DD09C1B1DA1566F004A9AE0 /* Release */ = {
			isa = XCBuildConfiguration;
			buildSettings = {
				ALWAYS_SEARCH_USER_PATHS = NO;
				CLANG_ANALYZER_NONNULL = YES;
				CLANG_CXX_LANGUAGE_STANDARD = "gnu++0x";
				CLANG_CXX_LIBRARY = "libc++";
				CLANG_ENABLE_MODULES = YES;
				CLANG_ENABLE_OBJC_ARC = YES;
				CLANG_WARN_BOOL_CONVERSION = YES;
				CLANG_WARN_CONSTANT_CONVERSION = YES;
				CLANG_WARN_DIRECT_OBJC_ISA_USAGE = YES_ERROR;
				CLANG_WARN_EMPTY_BODY = YES;
				CLANG_WARN_ENUM_CONVERSION = YES;
				CLANG_WARN_INT_CONVERSION = YES;
				CLANG_WARN_OBJC_ROOT_CLASS = YES_ERROR;
				CLANG_WARN_UNREACHABLE_CODE = YES;
				CLANG_WARN__DUPLICATE_METHOD_MATCH = YES;
				"CODE_SIGN_IDENTITY[sdk=iphoneos*]" = "iPhone Developer";
				COPY_PHASE_STRIP = NO;
				DEBUG_INFORMATION_FORMAT = "dwarf-with-dsym";
				ENABLE_NS_ASSERTIONS = NO;
				ENABLE_STRICT_OBJC_MSGSEND = YES;
				GCC_C_LANGUAGE_STANDARD = gnu99;
				GCC_NO_COMMON_BLOCKS = YES;
				GCC_WARN_64_TO_32_BIT_CONVERSION = YES;
				GCC_WARN_ABOUT_RETURN_TYPE = YES_ERROR;
				GCC_WARN_UNDECLARED_SELECTOR = YES;
				GCC_WARN_UNINITIALIZED_AUTOS = YES_AGGRESSIVE;
				GCC_WARN_UNUSED_FUNCTION = YES;
				GCC_WARN_UNUSED_VARIABLE = YES;
				IPHONEOS_DEPLOYMENT_TARGET = 9.3;
				MTL_ENABLE_DEBUG_INFO = NO;
				SDKROOT = iphoneos;
				VALIDATE_PRODUCT = YES;
			};
			name = Release;
		};
		7DD09C1D1DA1566F004A9AE0 /* Debug */ = {
			isa = XCBuildConfiguration;
			buildSettings = {
				ASSETCATALOG_COMPILER_APPICON_NAME = AppIcon;
				INFOPLIST_FILE = "lab 4 - vacation/Info.plist";
				LD_RUNPATH_SEARCH_PATHS = "$(inherited) @executable_path/Frameworks";
				PRODUCT_BUNDLE_IDENTIFIER = "ATLAS.lab-4---vacation";
				PRODUCT_NAME = "$(TARGET_NAME)";
			};
			name = Debug;
		};
		7DD09C1E1DA1566F004A9AE0 /* Release */ = {
			isa = XCBuildConfiguration;
			buildSettings = {
				ASSETCATALOG_COMPILER_APPICON_NAME = AppIcon;
				INFOPLIST_FILE = "lab 4 - vacation/Info.plist";
				LD_RUNPATH_SEARCH_PATHS = "$(inherited) @executable_path/Frameworks";
				PRODUCT_BUNDLE_IDENTIFIER = "ATLAS.lab-4---vacation";
				PRODUCT_NAME = "$(TARGET_NAME)";
			};
			name = Release;
		};
/* End XCBuildConfiguration section */

/* Begin XCConfigurationList section */
		7DD09C051DA1566F004A9AE0 /* Build configuration list for PBXProject "lab 4 - vacation" */ = {
			isa = XCConfigurationList;
			buildConfigurations = (
				7DD09C1A1DA1566F004A9AE0 /* Debug */,
				7DD09C1B1DA1566F004A9AE0 /* Release */,
			);
			defaultConfigurationIsVisible = 0;
			defaultConfigurationName = Release;
		};
		7DD09C1C1DA1566F004A9AE0 /* Build configuration list for PBXNativeTarget "lab 4 - vacation" */ = {
			isa = XCConfigurationList;
			buildConfigurations = (
				7DD09C1D1DA1566F004A9AE0 /* Debug */,
				7DD09C1E1DA1566F004A9AE0 /* Release */,
			);
			defaultConfigurationIsVisible = 0;
		};
/* End XCConfigurationList section */
	};
	rootObject = 7DD09C021DA1566F004A9AE0 /* Project object */;
}
